// !$*UTF8*$!
{
	archiveVersion = 1;
	classes = {
	};
	objectVersion = 50;
	objects = {

/* Begin PBXBuildFile section */
		89270D30269ECD6F0015830F /* MapView.swift in Sources */ = {isa = PBXBuildFile; fileRef = 89270D2F269ECD6F0015830F /* MapView.swift */; };
		893381EB26A2ACB2005FBE5F /* MKPointAnnotation-ObservableObject.swift in Sources */ = {isa = PBXBuildFile; fileRef = 893381EA26A2ACB2005FBE5F /* MKPointAnnotation-ObservableObject.swift */; };
		893381ED26A2AE18005FBE5F /* EditView.swift in Sources */ = {isa = PBXBuildFile; fileRef = 893381EC26A2AE18005FBE5F /* EditView.swift */; };
		893381EF26A2BB9E005FBE5F /* Result.swift in Sources */ = {isa = PBXBuildFile; fileRef = 893381EE26A2BB9E005FBE5F /* Result.swift */; };
		899888BC269BD7CB00DB73D0 /* BucketListUIApp.swift in Sources */ = {isa = PBXBuildFile; fileRef = 899888BB269BD7CB00DB73D0 /* BucketListUIApp.swift */; };
		899888BE269BD7CB00DB73D0 /* ContentView.swift in Sources */ = {isa = PBXBuildFile; fileRef = 899888BD269BD7CB00DB73D0 /* ContentView.swift */; };
		899888C0269BD7CB00DB73D0 /* Assets.xcassets in Resources */ = {isa = PBXBuildFile; fileRef = 899888BF269BD7CB00DB73D0 /* Assets.xcassets */; };
		899888C3269BD7CB00DB73D0 /* Preview Assets.xcassets in Resources */ = {isa = PBXBuildFile; fileRef = 899888C2269BD7CB00DB73D0 /* Preview Assets.xcassets */; };
		89E15F5526A565B2006BAC76 /* MKPointAnnotation-Codable.swift in Sources */ = {isa = PBXBuildFile; fileRef = 89E15F5426A565B2006BAC76 /* MKPointAnnotation-Codable.swift */; };
		89E3429E269D5377000A088A /* Oyster.swift in Sources */ = {isa = PBXBuildFile; fileRef = 89E3429D269D5377000A088A /* Oyster.swift */; };
		89E342A0269D55F9000A088A /* AddNewOyster.swift in Sources */ = {isa = PBXBuildFile; fileRef = 89E3429F269D55F9000A088A /* AddNewOyster.swift */; };
/* End PBXBuildFile section */

/* Begin PBXFileReference section */
		89270D2F269ECD6F0015830F /* MapView.swift */ = {isa = PBXFileReference; lastKnownFileType = sourcecode.swift; path = MapView.swift; sourceTree = "<group>"; };
		893381EA26A2ACB2005FBE5F /* MKPointAnnotation-ObservableObject.swift */ = {isa = PBXFileReference; lastKnownFileType = sourcecode.swift; path = "MKPointAnnotation-ObservableObject.swift"; sourceTree = "<group>"; };
		893381EC26A2AE18005FBE5F /* EditView.swift */ = {isa = PBXFileReference; lastKnownFileType = sourcecode.swift; path = EditView.swift; sourceTree = "<group>"; };
		893381EE26A2BB9E005FBE5F /* Result.swift */ = {isa = PBXFileReference; lastKnownFileType = sourcecode.swift; path = Result.swift; sourceTree = "<group>"; };
		899888B8269BD7CB00DB73D0 /* BucketListUI.app */ = {isa = PBXFileReference; explicitFileType = wrapper.application; includeInIndex = 0; path = BucketListUI.app; sourceTree = BUILT_PRODUCTS_DIR; };
		899888BB269BD7CB00DB73D0 /* BucketListUIApp.swift */ = {isa = PBXFileReference; lastKnownFileType = sourcecode.swift; path = BucketListUIApp.swift; sourceTree = "<group>"; };
		899888BD269BD7CB00DB73D0 /* ContentView.swift */ = {isa = PBXFileReference; lastKnownFileType = sourcecode.swift; path = ContentView.swift; sourceTree = "<group>"; };
		899888BF269BD7CB00DB73D0 /* Assets.xcassets */ = {isa = PBXFileReference; lastKnownFileType = folder.assetcatalog; path = Assets.xcassets; sourceTree = "<group>"; };
		899888C2269BD7CB00DB73D0 /* Preview Assets.xcassets */ = {isa = PBXFileReference; lastKnownFileType = folder.assetcatalog; path = "Preview Assets.xcassets"; sourceTree = "<group>"; };
		899888C4269BD7CB00DB73D0 /* Info.plist */ = {isa = PBXFileReference; lastKnownFileType = text.plist.xml; path = Info.plist; sourceTree = "<group>"; };
		89E15F5426A565B2006BAC76 /* MKPointAnnotation-Codable.swift */ = {isa = PBXFileReference; lastKnownFileType = sourcecode.swift; path = "MKPointAnnotation-Codable.swift"; sourceTree = "<group>"; };
		89E3429D269D5377000A088A /* Oyster.swift */ = {isa = PBXFileReference; lastKnownFileType = sourcecode.swift; path = Oyster.swift; sourceTree = "<group>"; };
		89E3429F269D55F9000A088A /* AddNewOyster.swift */ = {isa = PBXFileReference; lastKnownFileType = sourcecode.swift; path = AddNewOyster.swift; sourceTree = "<group>"; };
/* End PBXFileReference section */

/* Begin PBXFrameworksBuildPhase section */
		899888B5269BD7CB00DB73D0 /* Frameworks */ = {
			isa = PBXFrameworksBuildPhase;
			buildActionMask = 2147483647;
			files = (
			);
			runOnlyForDeploymentPostprocessing = 0;
		};
/* End PBXFrameworksBuildPhase section */

/* Begin PBXGroup section */
		899888AF269BD7CA00DB73D0 = {
			isa = PBXGroup;
			children = (
				899888BA269BD7CB00DB73D0 /* BucketListUI */,
				899888B9269BD7CB00DB73D0 /* Products */,
			);
			sourceTree = "<group>";
		};
		899888B9269BD7CB00DB73D0 /* Products */ = {
			isa = PBXGroup;
			children = (
				899888B8269BD7CB00DB73D0 /* BucketListUI.app */,
			);
			name = Products;
			sourceTree = "<group>";
		};
		899888BA269BD7CB00DB73D0 /* BucketListUI */ = {
			isa = PBXGroup;
			children = (
				899888BB269BD7CB00DB73D0 /* BucketListUIApp.swift */,
				89E342A1269D5608000A088A /* View */,
				89E342A2269D560C000A088A /* Model */,
				899888BF269BD7CB00DB73D0 /* Assets.xcassets */,
				899888C4269BD7CB00DB73D0 /* Info.plist */,
				899888C1269BD7CB00DB73D0 /* Preview Content */,
			);
			path = BucketListUI;
			sourceTree = "<group>";
		};
		899888C1269BD7CB00DB73D0 /* Preview Content */ = {
			isa = PBXGroup;
			children = (
				899888C2269BD7CB00DB73D0 /* Preview Assets.xcassets */,
			);
			path = "Preview Content";
			sourceTree = "<group>";
		};
		89E342A1269D5608000A088A /* View */ = {
			isa = PBXGroup;
			children = (
				899888BD269BD7CB00DB73D0 /* ContentView.swift */,
				89E3429F269D55F9000A088A /* AddNewOyster.swift */,
				89270D2F269ECD6F0015830F /* MapView.swift */,
				893381EC26A2AE18005FBE5F /* EditView.swift */,
			);
			path = View;
			sourceTree = "<group>";
		};
		89E342A2269D560C000A088A /* Model */ = {
			isa = PBXGroup;
			children = (
				89E3429D269D5377000A088A /* Oyster.swift */,
				893381EA26A2ACB2005FBE5F /* MKPointAnnotation-ObservableObject.swift */,
				893381EE26A2BB9E005FBE5F /* Result.swift */,
				89E15F5426A565B2006BAC76 /* MKPointAnnotation-Codable.swift */,
			);
			path = Model;
			sourceTree = "<group>";
		};
/* End PBXGroup section */

/* Begin PBXNativeTarget section */
		899888B7269BD7CB00DB73D0 /* BucketListUI */ = {
			isa = PBXNativeTarget;
			buildConfigurationList = 899888C7269BD7CB00DB73D0 /* Build configuration list for PBXNativeTarget "BucketListUI" */;
			buildPhases = (
				899888B4269BD7CB00DB73D0 /* Sources */,
				899888B5269BD7CB00DB73D0 /* Frameworks */,
				899888B6269BD7CB00DB73D0 /* Resources */,
			);
			buildRules = (
			);
			dependencies = (
			);
			name = BucketListUI;
			productName = BucketListUI;
			productReference = 899888B8269BD7CB00DB73D0 /* BucketListUI.app */;
			productType = "com.apple.product-type.application";
		};
/* End PBXNativeTarget section */

/* Begin PBXProject section */
		899888B0269BD7CA00DB73D0 /* Project object */ = {
			isa = PBXProject;
			attributes = {
				LastSwiftUpdateCheck = 1250;
				LastUpgradeCheck = 1250;
				TargetAttributes = {
					899888B7269BD7CB00DB73D0 = {
						CreatedOnToolsVersion = 12.5;
					};
				};
			};
			buildConfigurationList = 899888B3269BD7CA00DB73D0 /* Build configuration list for PBXProject "BucketListUI" */;
			compatibilityVersion = "Xcode 9.3";
			developmentRegion = en;
			hasScannedForEncodings = 0;
			knownRegions = (
				en,
				Base,
			);
			mainGroup = 899888AF269BD7CA00DB73D0;
			productRefGroup = 899888B9269BD7CB00DB73D0 /* Products */;
			projectDirPath = "";
			projectRoot = "";
			targets = (
				899888B7269BD7CB00DB73D0 /* BucketListUI */,
			);
		};
/* End PBXProject section */

/* Begin PBXResourcesBuildPhase section */
		899888B6269BD7CB00DB73D0 /* Resources */ = {
			isa = PBXResourcesBuildPhase;
			buildActionMask = 2147483647;
			files = (
				899888C3269BD7CB00DB73D0 /* Preview Assets.xcassets in Resources */,
				899888C0269BD7CB00DB73D0 /* Assets.xcassets in Resources */,
			);
			runOnlyForDeploymentPostprocessing = 0;
		};
/* End PBXResourcesBuildPhase section */

/* Begin PBXSourcesBuildPhase section */
		899888B4269BD7CB00DB73D0 /* Sources */ = {
			isa = PBXSourcesBuildPhase;
			buildActionMask = 2147483647;
			files = (
				899888BE269BD7CB00DB73D0 /* ContentView.swift in Sources */,
				893381EB26A2ACB2005FBE5F /* MKPointAnnotation-ObservableObject.swift in Sources */,
				89E3429E269D5377000A088A /* Oyster.swift in Sources */,
				89270D30269ECD6F0015830F /* MapView.swift in Sources */,
				893381ED26A2AE18005FBE5F /* EditView.swift in Sources */,
				89E342A0269D55F9000A088A /* AddNewOyster.swift in Sources */,
				89E15F5526A565B2006BAC76 /* MKPointAnnotation-Codable.swift in Sources */,
				893381EF26A2BB9E005FBE5F /* Result.swift in Sources */,
				899888BC269BD7CB00DB73D0 /* BucketListUIApp.swift in Sources */,
			);
			runOnlyForDeploymentPostprocessing = 0;
		};
/* End PBXSourcesBuildPhase section */

/* Begin XCBuildConfiguration section */
		899888C5269BD7CB00DB73D0 /* Debug */ = {
			isa = XCBuildConfiguration;
			buildSettings = {
				ALWAYS_SEARCH_USER_PATHS = NO;
				CLANG_ANALYZER_NONNULL = YES;
				CLANG_ANALYZER_NUMBER_OBJECT_CONVERSION = YES_AGGRESSIVE;
				CLANG_CXX_LANGUAGE_STANDARD = "gnu++14";
				CLANG_CXX_LIBRARY = "libc++";
				CLANG_ENABLE_MODULES = YES;
				CLANG_ENABLE_OBJC_ARC = YES;
				CLANG_ENABLE_OBJC_WEAK = YES;
				CLANG_WARN_BLOCK_CAPTURE_AUTORELEASING = YES;
				CLANG_WARN_BOOL_CONVERSION = YES;
				CLANG_WARN_COMMA = YES;
				CLANG_WARN_CONSTANT_CONVERSION = YES;
				CLANG_WARN_DEPRECATED_OBJC_IMPLEMENTATIONS = YES;
				CLANG_WARN_DIRECT_OBJC_ISA_USAGE = YES_ERROR;
				CLANG_WARN_DOCUMENTATION_COMMENTS = YES;
				CLANG_WARN_EMPTY_BODY = YES;
				CLANG_WARN_ENUM_CONVERSION = YES;
				CLANG_WARN_INFINITE_RECURSION = YES;
				CLANG_WARN_INT_CONVERSION = YES;
				CLANG_WARN_NON_LITERAL_NULL_CONVERSION = YES;
				CLANG_WARN_OBJC_IMPLICIT_RETAIN_SELF = YES;
				CLANG_WARN_OBJC_LITERAL_CONVERSION = YES;
				CLANG_WARN_OBJC_ROOT_CLASS = YES_ERROR;
				CLANG_WARN_QUOTED_INCLUDE_IN_FRAMEWORK_HEADER = YES;
				CLANG_WARN_RANGE_LOOP_ANALYSIS = YES;
				CLANG_WARN_STRICT_PROTOTYPES = YES;
				CLANG_WARN_SUSPICIOUS_MOVE = YES;
				CLANG_WARN_UNGUARDED_AVAILABILITY = YES_AGGRESSIVE;
				CLANG_WARN_UNREACHABLE_CODE = YES;
				CLANG_WARN__DUPLICATE_METHOD_MATCH = YES;
				COPY_PHASE_STRIP = NO;
				DEBUG_INFORMATION_FORMAT = dwarf;
				ENABLE_STRICT_OBJC_MSGSEND = YES;
				ENABLE_TESTABILITY = YES;
				GCC_C_LANGUAGE_STANDARD = gnu11;
				GCC_DYNAMIC_NO_PIC = NO;
				GCC_NO_COMMON_BLOCKS = YES;
				GCC_OPTIMIZATION_LEVEL = 0;
				GCC_PREPROCESSOR_DEFINITIONS = (
					"DEBUG=1",
					"$(inherited)",
				);
				GCC_WARN_64_TO_32_BIT_CONVERSION = YES;
				GCC_WARN_ABOUT_RETURN_TYPE = YES_ERROR;
				GCC_WARN_UNDECLARED_SELECTOR = YES;
				GCC_WARN_UNINITIALIZED_AUTOS = YES_AGGRESSIVE;
				GCC_WARN_UNUSED_FUNCTION = YES;
				GCC_WARN_UNUSED_VARIABLE = YES;
				IPHONEOS_DEPLOYMENT_TARGET = 14.5;
				MTL_ENABLE_DEBUG_INFO = INCLUDE_SOURCE;
				MTL_FAST_MATH = YES;
				ONLY_ACTIVE_ARCH = YES;
				SDKROOT = iphoneos;
				SWIFT_ACTIVE_COMPILATION_CONDITIONS = DEBUG;
				SWIFT_OPTIMIZATION_LEVEL = "-Onone";
			};
			name = Debug;
		};
		899888C6269BD7CB00DB73D0 /* Release */ = {
			isa = XCBuildConfiguration;
			buildSettings = {
				ALWAYS_SEARCH_USER_PATHS = NO;
				CLANG_ANALYZER_NONNULL = YES;
				CLANG_ANALYZER_NUMBER_OBJECT_CONVERSION = YES_AGGRESSIVE;
				CLANG_CXX_LANGUAGE_STANDARD = "gnu++14";
				CLANG_CXX_LIBRARY = "libc++";
				CLANG_ENABLE_MODULES = YES;
				CLANG_ENABLE_OBJC_ARC = YES;
				CLANG_ENABLE_OBJC_WEAK = YES;
				CLANG_WARN_BLOCK_CAPTURE_AUTORELEASING = YES;
				CLANG_WARN_BOOL_CONVERSION = YES;
				CLANG_WARN_COMMA = YES;
				CLANG_WARN_CONSTANT_CONVERSION = YES;
				CLANG_WARN_DEPRECATED_OBJC_IMPLEMENTATIONS = YES;
				CLANG_WARN_DIRECT_OBJC_ISA_USAGE = YES_ERROR;
				CLANG_WARN_DOCUMENTATION_COMMENTS = YES;
				CLANG_WARN_EMPTY_BODY = YES;
				CLANG_WARN_ENUM_CONVERSION = YES;
				CLANG_WARN_INFINITE_RECURSION = YES;
				CLANG_WARN_INT_CONVERSION = YES;
				CLANG_WARN_NON_LITERAL_NULL_CONVERSION = YES;
				CLANG_WARN_OBJC_IMPLICIT_RETAIN_SELF = YES;
				CLANG_WARN_OBJC_LITERAL_CONVERSION = YES;
				CLANG_WARN_OBJC_ROOT_CLASS = YES_ERROR;
				CLANG_WARN_QUOTED_INCLUDE_IN_FRAMEWORK_HEADER = YES;
				CLANG_WARN_RANGE_LOOP_ANALYSIS = YES;
				CLANG_WARN_STRICT_PROTOTYPES = YES;
				CLANG_WARN_SUSPICIOUS_MOVE = YES;
				CLANG_WARN_UNGUARDED_AVAILABILITY = YES_AGGRESSIVE;
				CLANG_WARN_UNREACHABLE_CODE = YES;
				CLANG_WARN__DUPLICATE_METHOD_MATCH = YES;
				COPY_PHASE_STRIP = NO;
				DEBUG_INFORMATION_FORMAT = "dwarf-with-dsym";
				ENABLE_NS_ASSERTIONS = NO;
				ENABLE_STRICT_OBJC_MSGSEND = YES;
				GCC_C_LANGUAGE_STANDARD = gnu11;
				GCC_NO_COMMON_BLOCKS = YES;
				GCC_WARN_64_TO_32_BIT_CONVERSION = YES;
				GCC_WARN_ABOUT_RETURN_TYPE = YES_ERROR;
				GCC_WARN_UNDECLARED_SELECTOR = YES;
				GCC_WARN_UNINITIALIZED_AUTOS = YES_AGGRESSIVE;
				GCC_WARN_UNUSED_FUNCTION = YES;
				GCC_WARN_UNUSED_VARIABLE = YES;
				IPHONEOS_DEPLOYMENT_TARGET = 14.5;
				MTL_ENABLE_DEBUG_INFO = NO;
				MTL_FAST_MATH = YES;
				SDKROOT = iphoneos;
				SWIFT_COMPILATION_MODE = wholemodule;
				SWIFT_OPTIMIZATION_LEVEL = "-O";
				VALIDATE_PRODUCT = YES;
			};
			name = Release;
		};
		899888C8269BD7CB00DB73D0 /* Debug */ = {
			isa = XCBuildConfiguration;
			buildSettings = {
				ASSETCATALOG_COMPILER_APPICON_NAME = AppIcon;
				ASSETCATALOG_COMPILER_GLOBAL_ACCENT_COLOR_NAME = AccentColor;
				CODE_SIGN_STYLE = Automatic;
				DEVELOPMENT_ASSET_PATHS = "\"BucketListUI/Preview Content\"";
				DEVELOPMENT_TEAM = 2B3J4UV9AZ;
				ENABLE_PREVIEWS = YES;
				INFOPLIST_FILE = BucketListUI/Info.plist;
				IPHONEOS_DEPLOYMENT_TARGET = 14.0;
				LD_RUNPATH_SEARCH_PATHS = (
					"$(inherited)",
					"@executable_path/Frameworks",
				);
				PRODUCT_BUNDLE_IDENTIFIER = piekiwi.BucketListUI;
				PRODUCT_NAME = "$(TARGET_NAME)";
				SWIFT_VERSION = 5.0;
				TARGETED_DEVICE_FAMILY = "1,2";
			};
			name = Debug;
		};
		899888C9269BD7CB00DB73D0 /* Release */ = {
			isa = XCBuildConfiguration;
			buildSettings = {
				ASSETCATALOG_COMPILER_APPICON_NAME = AppIcon;
				ASSETCATALOG_COMPILER_GLOBAL_ACCENT_COLOR_NAME = AccentColor;
				CODE_SIGN_STYLE = Automatic;
				DEVELOPMENT_ASSET_PATHS = "\"BucketListUI/Preview Content\"";
				DEVELOPMENT_TEAM = 2B3J4UV9AZ;
				ENABLE_PREVIEWS = YES;
				INFOPLIST_FILE = BucketListUI/Info.plist;
				IPHONEOS_DEPLOYMENT_TARGET = 14.0;
				LD_RUNPATH_SEARCH_PATHS = (
					"$(inherited)",
					"@executable_path/Frameworks",
				);
				PRODUCT_BUNDLE_IDENTIFIER = piekiwi.BucketListUI;
				PRODUCT_NAME = "$(TARGET_NAME)";
				SWIFT_VERSION = 5.0;
				TARGETED_DEVICE_FAMILY = "1,2";
			};
			name = Release;
		};
/* End XCBuildConfiguration section */

/* Begin XCConfigurationList section */
		899888B3269BD7CA00DB73D0 /* Build configuration list for PBXProject "BucketListUI" */ = {
			isa = XCConfigurationList;
			buildConfigurations = (
				899888C5269BD7CB00DB73D0 /* Debug */,
				899888C6269BD7CB00DB73D0 /* Release */,
			);
			defaultConfigurationIsVisible = 0;
			defaultConfigurationName = Release;
		};
		899888C7269BD7CB00DB73D0 /* Build configuration list for PBXNativeTarget "BucketListUI" */ = {
			isa = XCConfigurationList;
			buildConfigurations = (
				899888C8269BD7CB00DB73D0 /* Debug */,
				899888C9269BD7CB00DB73D0 /* Release */,
			);
			defaultConfigurationIsVisible = 0;
			defaultConfigurationName = Release;
		};
/* End XCConfigurationList section */
	};
	rootObject = 899888B0269BD7CA00DB73D0 /* Project object */;
}
